
Microsoft Visual Studio Solution File, Format Version 12.00
# Visual Studio 15
VisualStudioVersion = 15.0.28307.489
MinimumVisualStudioVersion = 10.0.40219.1
Project("{8BC9CEB8-8B4A-11D0-8D11-00A0C91BC942}") = "컴프과제_03", "컴프과제_03\컴프과제_03.vcxproj", "{AB6248F4-19F1-453A-B68A-765C9ABAE42E}"
EndProject
Global
	GlobalSection(SolutionConfigurationPlatforms) = preSolution
		Debug|x64 = Debug|x64
		Debug|x86 = Debug|x86
		Release|x64 = Release|x64
		Release|x86 = Release|x86
	EndGlobalSection
	GlobalSection(ProjectConfigurationPlatforms) = postSolution
		{AB6248F4-19F1-453A-B68A-765C9ABAE42E}.Debug|x64.ActiveCfg = Debug|x64
		{AB6248F4-19F1-453A-B68A-765C9ABAE42E}.Debug|x64.Build.0 = Debug|x64
		{AB6248F4-19F1-453A-B68A-765C9ABAE42E}.Debug|x86.ActiveCfg = Debug|Win32
		{AB6248F4-19F1-453A-B68A-765C9ABAE42E}.Debug|x86.Build.0 = Debug|Win32
		{AB6248F4-19F1-453A-B68A-765C9ABAE42E}.Release|x64.ActiveCfg = Release|x64
		{AB6248F4-19F1-453A-B68A-765C9ABAE42E}.Release|x64.Build.0 = Release|x64
		{AB6248F4-19F1-453A-B68A-765C9ABAE42E}.Release|x86.ActiveCfg = Release|Win32
		{AB6248F4-19F1-453A-B68A-765C9ABAE42E}.Release|x86.Build.0 = Release|Win32
	EndGlobalSection
	GlobalSection(SolutionProperties) = preSolution
		HideSolutionNode = FALSE
	EndGlobalSection
	GlobalSection(ExtensibilityGlobals) = postSolution
		SolutionGuid = {0688D2B5-1397-41EB-A34A-8A893473AD9B}
	EndGlobalSection
EndGlobal
