
Microsoft Visual Studio Solution File, Format Version 12.00
# Visual Studio 15
VisualStudioVersion = 15.0.28307.489
MinimumVisualStudioVersion = 10.0.40219.1
Project("{8BC9CEB8-8B4A-11D0-8D11-00A0C91BC942}") = "컴프과제_07", "컴프과제_07\컴프과제_07.vcxproj", "{123E42EE-C584-44AE-918D-D5DF46D08EF9}"
EndProject
Global
	GlobalSection(SolutionConfigurationPlatforms) = preSolution
		Debug|x64 = Debug|x64
		Debug|x86 = Debug|x86
		Release|x64 = Release|x64
		Release|x86 = Release|x86
	EndGlobalSection
	GlobalSection(ProjectConfigurationPlatforms) = postSolution
		{123E42EE-C584-44AE-918D-D5DF46D08EF9}.Debug|x64.ActiveCfg = Debug|x64
		{123E42EE-C584-44AE-918D-D5DF46D08EF9}.Debug|x64.Build.0 = Debug|x64
		{123E42EE-C584-44AE-918D-D5DF46D08EF9}.Debug|x86.ActiveCfg = Debug|Win32
		{123E42EE-C584-44AE-918D-D5DF46D08EF9}.Debug|x86.Build.0 = Debug|Win32
		{123E42EE-C584-44AE-918D-D5DF46D08EF9}.Release|x64.ActiveCfg = Release|x64
		{123E42EE-C584-44AE-918D-D5DF46D08EF9}.Release|x64.Build.0 = Release|x64
		{123E42EE-C584-44AE-918D-D5DF46D08EF9}.Release|x86.ActiveCfg = Release|Win32
		{123E42EE-C584-44AE-918D-D5DF46D08EF9}.Release|x86.Build.0 = Release|Win32
	EndGlobalSection
	GlobalSection(SolutionProperties) = preSolution
		HideSolutionNode = FALSE
	EndGlobalSection
	GlobalSection(ExtensibilityGlobals) = postSolution
		SolutionGuid = {B2293279-A85E-4C25-BD39-1A540690E218}
	EndGlobalSection
EndGlobal
